{
  "nodes": {
    "bash-strict-mode": {
      "inputs": {
        "flake-utils": "flake-utils_2",
        "flaky": [
          "flaky"
        ],
        "nixpkgs": [
          "flaky",
          "nixpkgs"
        ],
        "shellcheck-nix-attributes": "shellcheck-nix-attributes"
      },
      "locked": {
        "lastModified": 1707162735,
        "narHash": "sha256-A9XxpG2hijc1Lvvymu04uVRqS3KjdJVbHzxgi74mV2A=",
        "owner": "sellout",
        "repo": "bash-strict-mode",
        "rev": "b1835455f1c51f050081762c41c5563f21f0ffb9",
        "type": "github"
      },
      "original": {
        "owner": "sellout",
        "repo": "bash-strict-mode",
        "type": "github"
      }
    },
    "concat": {
      "inputs": {
        "bash-strict-mode": [
          "flaky",
          "bash-strict-mode"
        ],
        "flake-utils": [
          "flake-utils"
        ],
        "home-manager": "home-manager",
        "nixpkgs": [
          "nixpkgs"
        ]
      },
      "locked": {
        "lastModified": 1708593929,
        "narHash": "sha256-Iv5S5Q34S/j/fZn5g+A4YqpNmcDkIqnm6JtXn1OTtqI=",
        "owner": "compiling-to-categories",
        "repo": "concat",
        "rev": "4bc7058dcbc2aa0f2948b973a960bc9275619a92",
        "type": "github"
      },
      "original": {
        "owner": "compiling-to-categories",
        "repo": "concat",
        "type": "github"
      }
    },
    "flake-compat": {
      "flake": false,
      "locked": {
        "lastModified": 1673956053,
        "narHash": "sha256-4gtG9iQuiKITOjNQQeQIpoIB6b16fm+504Ch3sNKLd8=",
        "owner": "edolstra",
        "repo": "flake-compat",
        "rev": "35bb57c0c8d8b62bbfd284272c928ceb64ddbde9",
        "type": "github"
      },
      "original": {
        "owner": "edolstra",
        "repo": "flake-compat",
        "type": "github"
      }
    },
    "flake-schemas": {
      "locked": {
        "lastModified": 1701189173,
        "narHash": "sha256-ieQZLjqfvOP+52WeMdkD/x5njEIAqjKuAc/jnmruaoc=",
        "owner": "sellout",
        "repo": "flake-schemas",
        "rev": "68727227a8f349fe0831f6389d9a91064637b70c",
        "type": "github"
      },
      "original": {
        "owner": "sellout",
        "ref": "patch-1",
        "repo": "flake-schemas",
        "type": "github"
      }
    },
    "flake-utils": {
      "inputs": {
        "systems": "systems"
      },
      "locked": {
        "lastModified": 1705309234,
        "narHash": "sha256-uNRRNRKmJyCRC/8y1RqBkqWBLM034y4qN7EprSdmgyA=",
        "owner": "numtide",
        "repo": "flake-utils",
        "rev": "1ef2e671c3b0c19053962c07dbda38332dcebf26",
        "type": "github"
      },
      "original": {
        "owner": "numtide",
        "repo": "flake-utils",
        "type": "github"
      }
    },
    "flake-utils_2": {
      "inputs": {
        "systems": "systems_2"
      },
      "locked": {
        "lastModified": 1705309234,
        "narHash": "sha256-uNRRNRKmJyCRC/8y1RqBkqWBLM034y4qN7EprSdmgyA=",
        "owner": "numtide",
        "repo": "flake-utils",
        "rev": "1ef2e671c3b0c19053962c07dbda38332dcebf26",
        "type": "github"
      },
      "original": {
        "owner": "numtide",
        "repo": "flake-utils",
        "type": "github"
      }
    },
    "flaky": {
      "inputs": {
        "bash-strict-mode": "bash-strict-mode",
        "flake-utils": [
          "flake-utils"
        ],
        "home-manager": "home-manager_2",
        "nixpkgs": [
          "nixpkgs"
        ],
        "project-manager": "project-manager"
      },
      "locked": {
        "lastModified": 1707862587,
        "narHash": "sha256-UIR6AaRItFtUsXrX5HIOdeXmmDFzNItbSwwzzysMVaw=",
        "owner": "sellout",
        "repo": "flaky",
        "rev": "d83fa607a58563da979cd7306f3c1ec3080b71c7",
        "type": "github"
      },
      "original": {
        "owner": "sellout",
        "repo": "flaky",
        "type": "github"
      }
    },
    "home-manager": {
      "inputs": {
        "nixpkgs": [
          "concat",
          "nixpkgs"
        ]
      },
      "locked": {
        "lastModified": 1700814205,
        "narHash": "sha256-lWqDPKHRbQfi+zNIivf031BUeyciVOtwCwTjyrhDB5g=",
        "owner": "nix-community",
        "repo": "home-manager",
        "rev": "aeb2232d7a32530d3448318790534d196bf9427a",
        "type": "github"
      },
      "original": {
        "owner": "nix-community",
        "ref": "release-23.11",
        "repo": "home-manager",
        "type": "github"
      }
    },
    "home-manager_2": {
      "inputs": {
        "nixpkgs": [
          "flaky",
          "nixpkgs"
        ]
      },
      "locked": {
        "lastModified": 1706981411,
        "narHash": "sha256-cLbLPTL1CDmETVh4p0nQtvoF+FSEjsnJTFpTxhXywhQ=",
        "owner": "nix-community",
        "repo": "home-manager",
        "rev": "652fda4ca6dafeb090943422c34ae9145787af37",
        "type": "github"
      },
      "original": {
        "owner": "nix-community",
        "ref": "release-23.11",
        "repo": "home-manager",
        "type": "github"
      }
    },
    "lowdown-src": {
      "flake": false,
      "locked": {
        "lastModified": 1633514407,
        "narHash": "sha256-Dw32tiMjdK9t3ETl5fzGrutQTzh2rufgZV4A/BbxuD4=",
        "owner": "kristapsdz",
        "repo": "lowdown",
        "rev": "d2c2b44ff6c27b936ec27358a2653caaef8f73b8",
        "type": "github"
      },
      "original": {
        "owner": "kristapsdz",
        "repo": "lowdown",
        "type": "github"
      }
    },
    "nix-schema": {
      "inputs": {
        "flake-compat": "flake-compat",
        "flake-schemas": [
          "flaky",
          "project-manager",
          "flake-schemas"
        ],
        "lowdown-src": "lowdown-src",
        "nixpkgs": [
          "flaky",
          "project-manager",
          "nixpkgs-23_11"
        ],
        "nixpkgs-regression": "nixpkgs-regression"
      },
      "locked": {
        "lastModified": 1697822067,
        "narHash": "sha256-7HCcrF6GqIAreKvzt74do1/Urvp+b901Hckf5+WgR9M=",
        "owner": "DeterminateSystems",
        "repo": "nix",
        "rev": "84867fa212fe08feeb27b668c4c78bc9eaf74e17",
        "type": "github"
      },
      "original": {
        "owner": "DeterminateSystems",
        "ref": "flake-schemas",
        "repo": "nix",
        "type": "github"
      }
    },
    "nixpkgs": {
      "locked": {
        "lastModified": 1708958441,
        "narHash": "sha256-S9W7oGJbrzEMA1YgVSAtvKoBaAGBYiVW3H0jUphbm5A=",
        "owner": "NixOS",
        "repo": "nixpkgs",
        "rev": "1fafa9584fa4b781ea631d3ca55b13806e903d7d",
        "type": "github"
      },
      "original": {
        "owner": "NixOS",
        "ref": "release-23.11",
        "repo": "nixpkgs",
        "type": "github"
      }
    },
    "nixpkgs-22_11": {
      "locked": {
        "lastModified": 1688392541,
        "narHash": "sha256-lHrKvEkCPTUO+7tPfjIcb7Trk6k31rz18vkyqmkeJfY=",
        "owner": "NixOS",
        "repo": "nixpkgs",
        "rev": "ea4c80b39be4c09702b0cb3b42eab59e2ba4f24b",
        "type": "github"
      },
      "original": {
        "owner": "NixOS",
        "ref": "release-22.11",
        "repo": "nixpkgs",
        "type": "github"
      }
    },
    "nixpkgs-23_05": {
      "locked": {
        "lastModified": 1705033721,
        "narHash": "sha256-K5eJHmL1/kev6WuqyqqbS1cdNnSidIZ3jeqJ7GbrYnQ=",
        "owner": "NixOS",
        "repo": "nixpkgs",
        "rev": "a1982c92d8980a0114372973cbdfe0a307f1bdea",
        "type": "github"
      },
      "original": {
        "owner": "NixOS",
        "ref": "release-23.05",
        "repo": "nixpkgs",
        "type": "github"
      }
    },
    "nixpkgs-23_11": {
      "locked": {
        "lastModified": 1705886116,
        "narHash": "sha256-xFSqFs9H5p2tNN2WWa6oFV4JQJHGqX2n9P+18XLeKDw=",
        "owner": "NixOS",
        "repo": "nixpkgs",
        "rev": "ad0bacf627106fe08900ef0e8e28c0685f2d8ac1",
        "type": "github"
      },
      "original": {
        "owner": "NixOS",
        "ref": "release-23.11",
        "repo": "nixpkgs",
        "type": "github"
      }
    },
    "nixpkgs-regression": {
      "locked": {
        "lastModified": 1643052045,
        "narHash": "sha256-uGJ0VXIhWKGXxkeNnq4TvV3CIOkUJ3PAoLZ3HMzNVMw=",
        "owner": "NixOS",
        "repo": "nixpkgs",
        "rev": "215d4d0fd80ca5163643b03a33fde804a29cc1e2",
        "type": "github"
      },
      "original": {
        "owner": "NixOS",
        "repo": "nixpkgs",
        "rev": "215d4d0fd80ca5163643b03a33fde804a29cc1e2",
        "type": "github"
      }
    },
    "nixpkgs-unstable": {
      "locked": {
        "lastModified": 1705697961,
        "narHash": "sha256-XepT3WS516evSFYkme3GrcI3+7uwXHqtHbip+t24J7E=",
        "owner": "NixOS",
        "repo": "nixpkgs",
        "rev": "e5d1c87f5813afde2dda384ac807c57a105721cc",
        "type": "github"
      },
      "original": {
        "owner": "NixOS",
        "ref": "nixpkgs-unstable",
        "repo": "nixpkgs",
        "type": "github"
      }
    },
    "project-manager": {
      "inputs": {
        "bash-strict-mode": [
          "flaky",
          "bash-strict-mode"
        ],
        "flake-schemas": "flake-schemas",
        "flake-utils": [
          "flaky",
          "flake-utils"
        ],
        "flaky": [
          "flaky"
        ],
        "nix-schema": "nix-schema",
        "nixpkgs-22_11": "nixpkgs-22_11",
        "nixpkgs-23_05": "nixpkgs-23_05",
        "nixpkgs-23_11": "nixpkgs-23_11",
        "nixpkgs-unstable": "nixpkgs-unstable",
        "treefmt-nix": "treefmt-nix"
      },
      "locked": {
        "lastModified": 1707028979,
        "narHash": "sha256-Vo/7F1zMEWy62ChY7nXcvJf1pv5dm5jASdFJvPfy1pw=",
        "owner": "sellout",
        "repo": "project-manager",
        "rev": "495cb847eb2cbf6b7981576c3b1610cc077c4768",
        "type": "github"
      },
      "original": {
        "owner": "sellout",
        "repo": "project-manager",
        "type": "github"
      }
    },
    "root": {
      "inputs": {
        "concat": "concat",
        "flake-utils": "flake-utils",
        "flaky": "flaky",
        "nixpkgs": "nixpkgs"
      }
    },
    "shellcheck-nix-attributes": {
      "flake": false,
      "locked": {
        "lastModified": 1586929030,
        "narHash": "sha256-a0WyWaz+nMYFWI43Ip9EUnPuBW0O4EIiTzYZKGqNjss=",
        "owner": "Fuuzetsu",
        "repo": "shellcheck-nix-attributes",
        "rev": "51b49d5fe65ece69eb5e2003396bf096083ec281",
        "type": "github"
      },
      "original": {
        "owner": "Fuuzetsu",
        "repo": "shellcheck-nix-attributes",
        "type": "github"
      }
    },
    "systems": {
      "locked": {
        "lastModified": 1681028828,
        "narHash": "sha256-Vy1rq5AaRuLzOxct8nz4T6wlgyUR7zLU309k9mBC768=",
        "owner": "nix-systems",
        "repo": "default",
        "rev": "da67096a3b9bf56a91d16901293e51ba5b49a27e",
        "type": "github"
      },
      "original": {
        "owner": "nix-systems",
        "repo": "default",
        "type": "github"
      }
    },
    "systems_2": {
      "locked": {
        "lastModified": 1681028828,
        "narHash": "sha256-Vy1rq5AaRuLzOxct8nz4T6wlgyUR7zLU309k9mBC768=",
        "owner": "nix-systems",
        "repo": "default",
        "rev": "da67096a3b9bf56a91d16901293e51ba5b49a27e",
        "type": "github"
      },
      "original": {
        "owner": "nix-systems",
        "repo": "default",
        "type": "github"
      }
    },
    "treefmt-nix": {
      "inputs": {
        "nixpkgs": [
          "flaky",
          "project-manager",
          "nixpkgs-23_11"
        ]
      },
      "locked": {
        "lastModified": 1705659004,
        "narHash": "sha256-XQsZudrb9u5Pw631U0tFYZkjq49CcwF24XT01vz2jPk=",
        "owner": "numtide",
        "repo": "treefmt-nix",
        "rev": "8cd95da6c30852adb2a06c4b6bdacfe8b64a0a35",
        "type": "github"
      },
      "original": {
        "owner": "numtide",
        "repo": "treefmt-nix",
        "type": "github"
      }
    }
  },
  "root": "root",
  "version": 7
}
